
Microsoft Visual Studio Solution File, Format Version 12.00
# Visual Studio 14
VisualStudioVersion = 14.0.25420.1
MinimumVisualStudioVersion = 10.0.40219.1
Project("{2150E333-8FDC-42A3-9474-1A3956D46DE8}") = "Web", "Web", "{C71AD186-F90A-47A9-83F3-F3F6040357B9}"
EndProject
Project("{FAE04EC0-301F-11D3-BF4B-00C04F79EFBC}") = "CarSystem.Web", "CarSystem.Web\CarSystem.Web.csproj", "{E0D2131D-3D12-4F54-9033-96F1ED0B20BE}"
EndProject
Project("{2150E333-8FDC-42A3-9474-1A3956D46DE8}") = "Data", "Data", "{5AD25847-FB29-411E-BE1C-8D5A77FE05A4}"
EndProject
Project("{FAE04EC0-301F-11D3-BF4B-00C04F79EFBC}") = "CarSystem.Data", "CarSystem.Data\CarSystem.Data.csproj", "{8E1D1A99-FF41-4F86-BD88-6CB2A9E94116}"
EndProject
Project("{FAE04EC0-301F-11D3-BF4B-00C04F79EFBC}") = "CarSystem.Models", "CarSystem.Models\CarSystem.Models.csproj", "{85166176-7660-4340-A955-B930601082FA}"
EndProject
Project("{2150E333-8FDC-42A3-9474-1A3956D46DE8}") = "Tests", "Tests", "{59C2CFE5-07E2-4366-A9B9-C3BE8EECBDD9}"
EndProject
Project("{FAE04EC0-301F-11D3-BF4B-00C04F79EFBC}") = "CarSystem.UnitTests", "CarSystem.UnitTests\CarSystem.UnitTests.csproj", "{8EDF4429-251A-416D-BB68-93F227191BCF}"
EndProject
Global
	GlobalSection(SolutionConfigurationPlatforms) = preSolution
		Debug|Any CPU = Debug|Any CPU
		Release|Any CPU = Release|Any CPU
	EndGlobalSection
	GlobalSection(ProjectConfigurationPlatforms) = postSolution
		{E0D2131D-3D12-4F54-9033-96F1ED0B20BE}.Debug|Any CPU.ActiveCfg = Debug|Any CPU
		{E0D2131D-3D12-4F54-9033-96F1ED0B20BE}.Debug|Any CPU.Build.0 = Debug|Any CPU
		{E0D2131D-3D12-4F54-9033-96F1ED0B20BE}.Release|Any CPU.ActiveCfg = Release|Any CPU
		{E0D2131D-3D12-4F54-9033-96F1ED0B20BE}.Release|Any CPU.Build.0 = Release|Any CPU
		{8E1D1A99-FF41-4F86-BD88-6CB2A9E94116}.Debug|Any CPU.ActiveCfg = Debug|Any CPU
		{8E1D1A99-FF41-4F86-BD88-6CB2A9E94116}.Debug|Any CPU.Build.0 = Debug|Any CPU
		{8E1D1A99-FF41-4F86-BD88-6CB2A9E94116}.Release|Any CPU.ActiveCfg = Release|Any CPU
		{8E1D1A99-FF41-4F86-BD88-6CB2A9E94116}.Release|Any CPU.Build.0 = Release|Any CPU
		{85166176-7660-4340-A955-B930601082FA}.Debug|Any CPU.ActiveCfg = Debug|Any CPU
		{85166176-7660-4340-A955-B930601082FA}.Debug|Any CPU.Build.0 = Debug|Any CPU
		{85166176-7660-4340-A955-B930601082FA}.Release|Any CPU.ActiveCfg = Release|Any CPU
		{85166176-7660-4340-A955-B930601082FA}.Release|Any CPU.Build.0 = Release|Any CPU
		{8EDF4429-251A-416D-BB68-93F227191BCF}.Debug|Any CPU.ActiveCfg = Release|Any CPU
		{8EDF4429-251A-416D-BB68-93F227191BCF}.Debug|Any CPU.Build.0 = Release|Any CPU
		{8EDF4429-251A-416D-BB68-93F227191BCF}.Release|Any CPU.ActiveCfg = Release|Any CPU
		{8EDF4429-251A-416D-BB68-93F227191BCF}.Release|Any CPU.Build.0 = Release|Any CPU
	EndGlobalSection
	GlobalSection(SolutionProperties) = preSolution
		HideSolutionNode = FALSE
	EndGlobalSection
	GlobalSection(NestedProjects) = preSolution
		{E0D2131D-3D12-4F54-9033-96F1ED0B20BE} = {C71AD186-F90A-47A9-83F3-F3F6040357B9}
		{8E1D1A99-FF41-4F86-BD88-6CB2A9E94116} = {5AD25847-FB29-411E-BE1C-8D5A77FE05A4}
		{85166176-7660-4340-A955-B930601082FA} = {5AD25847-FB29-411E-BE1C-8D5A77FE05A4}
		{8EDF4429-251A-416D-BB68-93F227191BCF} = {59C2CFE5-07E2-4366-A9B9-C3BE8EECBDD9}
	EndGlobalSection
EndGlobal
