
Microsoft Visual Studio Solution File, Format Version 12.00
# Visual Studio 14
VisualStudioVersion = 14.0.25420.1
MinimumVisualStudioVersion = 10.0.40219.1
Project("{2150E333-8FDC-42A3-9474-1A3956D46DE8}") = "Web", "Web", "{2486B72D-15CA-49A8-920B-07CC626511F1}"
EndProject
Project("{FAE04EC0-301F-11D3-BF4B-00C04F79EFBC}") = "CarSystem.Web", "Web\CarSystem.Web\CarSystem.Web.csproj", "{3F1B9364-EFB9-44A0-861A-CCCBD28FF14F}"
EndProject
Project("{2150E333-8FDC-42A3-9474-1A3956D46DE8}") = "Data", "Data", "{4CE719BC-A878-42D9-9883-B53F91FB7BA6}"
EndProject
Project("{2150E333-8FDC-42A3-9474-1A3956D46DE8}") = "Tests", "Tests", "{E564EB11-3538-4DB6-84E7-EAD50CF434DA}"
EndProject
Project("{FAE04EC0-301F-11D3-BF4B-00C04F79EFBC}") = "CarSystem.Data", "Data\CarSystem.Data\CarSystem.Data.csproj", "{7EC1337A-FAAC-4D1F-827A-A3D179CB8880}"
EndProject
Project("{FAE04EC0-301F-11D3-BF4B-00C04F79EFBC}") = "CarSystem.Data.Models", "Data\CarSystem.Data.Models\CarSystem.Data.Models.csproj", "{73B4C924-58B7-4795-B59A-DF067BF50BC8}"
EndProject
Project("{2150E333-8FDC-42A3-9474-1A3956D46DE8}") = "CoverAll", "CoverAll", "{35BCDACB-B2EA-4987-B1C7-E35DDFD42D61}"
EndProject
Project("{FAE04EC0-301F-11D3-BF4B-00C04F79EFBC}") = "CoverAllDependencies", "CoverAll\CoverAllDependencies\CoverAllDependencies.csproj", "{DE24BEFD-D67E-4922-BBF6-76B85033BC50}"
EndProject
Project("{FAE04EC0-301F-11D3-BF4B-00C04F79EFBC}") = "CarSystem.Data.Tests", "Tests\CarSystem.Data.Tests\CarSystem.Data.Tests.csproj", "{8EDF4429-251A-416D-BB68-93F227191BCF}"
EndProject
Project("{FAE04EC0-301F-11D3-BF4B-00C04F79EFBC}") = "CarSystem.Data.Models.Tests", "Tests\CarSystem.Data.Models.Tests\CarSystem.Data.Models.Tests.csproj", "{7625D3A1-75ED-4810-B852-23E0BE2C4C3D}"
EndProject
Project("{2150E333-8FDC-42A3-9474-1A3956D46DE8}") = "Common", "Common", "{8A9F7BB1-4942-4E22-869B-D89564A69342}"
EndProject
Project("{FAE04EC0-301F-11D3-BF4B-00C04F79EFBC}") = "CarSystem.ValidationConstants", "Common\CarSystem.ValidationConstants\CarSystem.ValidationConstants.csproj", "{9D0ADBAC-949B-452B-AF41-8CFCC54B7D6E}"
EndProject
Project("{FAE04EC0-301F-11D3-BF4B-00C04F79EFBC}") = "CarSystem.Web.Infrastucture", "Web\CarSystem.Web.Infrastucture\CarSystem.Web.Infrastucture.csproj", "{6BC9DCA7-7EB3-4412-A7C3-28E0D1C7A0A9}"
EndProject
Global
	GlobalSection(SolutionConfigurationPlatforms) = preSolution
		Debug|Any CPU = Debug|Any CPU
		Release|Any CPU = Release|Any CPU
	EndGlobalSection
	GlobalSection(ProjectConfigurationPlatforms) = postSolution
		{3F1B9364-EFB9-44A0-861A-CCCBD28FF14F}.Debug|Any CPU.ActiveCfg = Debug|Any CPU
		{3F1B9364-EFB9-44A0-861A-CCCBD28FF14F}.Debug|Any CPU.Build.0 = Debug|Any CPU
		{3F1B9364-EFB9-44A0-861A-CCCBD28FF14F}.Release|Any CPU.ActiveCfg = Release|Any CPU
		{3F1B9364-EFB9-44A0-861A-CCCBD28FF14F}.Release|Any CPU.Build.0 = Release|Any CPU
		{7EC1337A-FAAC-4D1F-827A-A3D179CB8880}.Debug|Any CPU.ActiveCfg = Debug|Any CPU
		{7EC1337A-FAAC-4D1F-827A-A3D179CB8880}.Debug|Any CPU.Build.0 = Debug|Any CPU
		{7EC1337A-FAAC-4D1F-827A-A3D179CB8880}.Release|Any CPU.ActiveCfg = Release|Any CPU
		{7EC1337A-FAAC-4D1F-827A-A3D179CB8880}.Release|Any CPU.Build.0 = Release|Any CPU
		{73B4C924-58B7-4795-B59A-DF067BF50BC8}.Debug|Any CPU.ActiveCfg = Debug|Any CPU
		{73B4C924-58B7-4795-B59A-DF067BF50BC8}.Debug|Any CPU.Build.0 = Debug|Any CPU
		{73B4C924-58B7-4795-B59A-DF067BF50BC8}.Release|Any CPU.ActiveCfg = Release|Any CPU
		{73B4C924-58B7-4795-B59A-DF067BF50BC8}.Release|Any CPU.Build.0 = Release|Any CPU
		{DE24BEFD-D67E-4922-BBF6-76B85033BC50}.Debug|Any CPU.ActiveCfg = Debug|Any CPU
		{DE24BEFD-D67E-4922-BBF6-76B85033BC50}.Debug|Any CPU.Build.0 = Debug|Any CPU
		{DE24BEFD-D67E-4922-BBF6-76B85033BC50}.Release|Any CPU.ActiveCfg = Release|Any CPU
		{DE24BEFD-D67E-4922-BBF6-76B85033BC50}.Release|Any CPU.Build.0 = Release|Any CPU
		{8EDF4429-251A-416D-BB68-93F227191BCF}.Debug|Any CPU.ActiveCfg = Debug|Any CPU
		{8EDF4429-251A-416D-BB68-93F227191BCF}.Debug|Any CPU.Build.0 = Debug|Any CPU
		{8EDF4429-251A-416D-BB68-93F227191BCF}.Release|Any CPU.ActiveCfg = Release|Any CPU
		{8EDF4429-251A-416D-BB68-93F227191BCF}.Release|Any CPU.Build.0 = Release|Any CPU
		{7625D3A1-75ED-4810-B852-23E0BE2C4C3D}.Debug|Any CPU.ActiveCfg = Debug|Any CPU
		{7625D3A1-75ED-4810-B852-23E0BE2C4C3D}.Debug|Any CPU.Build.0 = Debug|Any CPU
		{7625D3A1-75ED-4810-B852-23E0BE2C4C3D}.Release|Any CPU.ActiveCfg = Release|Any CPU
		{7625D3A1-75ED-4810-B852-23E0BE2C4C3D}.Release|Any CPU.Build.0 = Release|Any CPU
		{9D0ADBAC-949B-452B-AF41-8CFCC54B7D6E}.Debug|Any CPU.ActiveCfg = Debug|Any CPU
		{9D0ADBAC-949B-452B-AF41-8CFCC54B7D6E}.Debug|Any CPU.Build.0 = Debug|Any CPU
		{9D0ADBAC-949B-452B-AF41-8CFCC54B7D6E}.Release|Any CPU.ActiveCfg = Release|Any CPU
		{9D0ADBAC-949B-452B-AF41-8CFCC54B7D6E}.Release|Any CPU.Build.0 = Release|Any CPU
		{6BC9DCA7-7EB3-4412-A7C3-28E0D1C7A0A9}.Debug|Any CPU.ActiveCfg = Debug|Any CPU
		{6BC9DCA7-7EB3-4412-A7C3-28E0D1C7A0A9}.Debug|Any CPU.Build.0 = Debug|Any CPU
		{6BC9DCA7-7EB3-4412-A7C3-28E0D1C7A0A9}.Release|Any CPU.ActiveCfg = Release|Any CPU
		{6BC9DCA7-7EB3-4412-A7C3-28E0D1C7A0A9}.Release|Any CPU.Build.0 = Release|Any CPU
	EndGlobalSection
	GlobalSection(SolutionProperties) = preSolution
		HideSolutionNode = FALSE
	EndGlobalSection
	GlobalSection(NestedProjects) = preSolution
		{3F1B9364-EFB9-44A0-861A-CCCBD28FF14F} = {2486B72D-15CA-49A8-920B-07CC626511F1}
		{7EC1337A-FAAC-4D1F-827A-A3D179CB8880} = {4CE719BC-A878-42D9-9883-B53F91FB7BA6}
		{73B4C924-58B7-4795-B59A-DF067BF50BC8} = {4CE719BC-A878-42D9-9883-B53F91FB7BA6}
		{DE24BEFD-D67E-4922-BBF6-76B85033BC50} = {35BCDACB-B2EA-4987-B1C7-E35DDFD42D61}
		{8EDF4429-251A-416D-BB68-93F227191BCF} = {E564EB11-3538-4DB6-84E7-EAD50CF434DA}
		{7625D3A1-75ED-4810-B852-23E0BE2C4C3D} = {E564EB11-3538-4DB6-84E7-EAD50CF434DA}
		{9D0ADBAC-949B-452B-AF41-8CFCC54B7D6E} = {8A9F7BB1-4942-4E22-869B-D89564A69342}
		{6BC9DCA7-7EB3-4412-A7C3-28E0D1C7A0A9} = {2486B72D-15CA-49A8-920B-07CC626511F1}
	EndGlobalSection
EndGlobal
